
Microsoft Visual Studio Solution File, Format Version 12.00
# Visual Studio 2012
Project("{FAE04EC0-301F-11D3-BF4B-00C04F79EFBC}") = "Abdinasir_Hussein_ConsultantsDB", "Abdinasir_Hussein_ConsultantsDB\Abdinasir_Hussein_ConsultantsDB.csproj", "{A0DBE893-45C4-4395-8861-66C109681E47}"
EndProject
Global
	GlobalSection(SolutionConfigurationPlatforms) = preSolution
		Debug|Any CPU = Debug|Any CPU
		Release|Any CPU = Release|Any CPU
	EndGlobalSection
	GlobalSection(ProjectConfigurationPlatforms) = postSolution
		{A0DBE893-45C4-4395-8861-66C109681E47}.Debug|Any CPU.ActiveCfg = Debug|Any CPU
		{A0DBE893-45C4-4395-8861-66C109681E47}.Debug|Any CPU.Build.0 = Debug|Any CPU
		{A0DBE893-45C4-4395-8861-66C109681E47}.Release|Any CPU.ActiveCfg = Release|Any CPU
		{A0DBE893-45C4-4395-8861-66C109681E47}.Release|Any CPU.Build.0 = Release|Any CPU
	EndGlobalSection
	GlobalSection(SolutionProperties) = preSolution
		HideSolutionNode = FALSE
	EndGlobalSection
EndGlobal
